// !$*UTF8*$!
{
	archiveVersion = 1;
	classes = {
	};
	objectVersion = 56;
	objects = {

/* Begin PBXBuildFile section */
		1B0C67082A77CB2900C253C9 /* IntroViewSlide.swift in Sources */ = {isa = PBXBuildFile; fileRef = 1B0C67072A77CB2900C253C9 /* IntroViewSlide.swift */; };
		1B1FF8A22A7875590079A8EE /* Joke.swift in Sources */ = {isa = PBXBuildFile; fileRef = 1B1FF8A12A7875590079A8EE /* Joke.swift */; };
		1B1FF8A72A7878E70079A8EE /* DogImageViewModel.swift in Sources */ = {isa = PBXBuildFile; fileRef = 1B1FF8A62A7878E70079A8EE /* DogImageViewModel.swift */; };
		1B2883552A75046500EFD32A /* String.swift in Sources */ = {isa = PBXBuildFile; fileRef = 1B2883542A75046500EFD32A /* String.swift */; };
		1B2883592A75084D00EFD32A /* AuthManager.swift in Sources */ = {isa = PBXBuildFile; fileRef = 1B2883582A75084C00EFD32A /* AuthManager.swift */; };
		1B3090C52A4986C800B76EB1 /* ForgotPasswordView.swift in Sources */ = {isa = PBXBuildFile; fileRef = 1B3090C42A4986C800B76EB1 /* ForgotPasswordView.swift */; };
		1B3090C92A49887E00B76EB1 /* ComponentsViewSlide.swift in Sources */ = {isa = PBXBuildFile; fileRef = 1B3090C82A49887E00B76EB1 /* ComponentsViewSlide.swift */; };
		1B3090CC2A499CB200B76EB1 /* CustomIndicatorView.swift in Sources */ = {isa = PBXBuildFile; fileRef = 1B3090CB2A499CB200B76EB1 /* CustomIndicatorView.swift */; };
		1B3090CE2A49D27600B76EB1 /* CustomLoginView.swift in Sources */ = {isa = PBXBuildFile; fileRef = 1B3090CD2A49D27600B76EB1 /* CustomLoginView.swift */; };
		1B3090D02A4A102800B76EB1 /* LegalDocumentView.swift in Sources */ = {isa = PBXBuildFile; fileRef = 1B3090CF2A4A102800B76EB1 /* LegalDocumentView.swift */; };
		1B3090D22A4A118200B76EB1 /* SwitchSignUpView.swift in Sources */ = {isa = PBXBuildFile; fileRef = 1B3090D12A4A118200B76EB1 /* SwitchSignUpView.swift */; };
		1B31A6E82A5586F500F929A1 /* User.swift in Sources */ = {isa = PBXBuildFile; fileRef = 1B31A6E72A5586F500F929A1 /* User.swift */; };
		1B31A6EB2A5593AD00F929A1 /* ProfileView.swift in Sources */ = {isa = PBXBuildFile; fileRef = 1B31A6EA2A5593AD00F929A1 /* ProfileView.swift */; };
		1B31A6ED2A5599C100F929A1 /* SettingRowView.swift in Sources */ = {isa = PBXBuildFile; fileRef = 1B31A6EC2A5599C100F929A1 /* SettingRowView.swift */; };
		1B3DFE022A43635B00099CDF /* MoneyMorphApp.swift in Sources */ = {isa = PBXBuildFile; fileRef = 1B3DFE012A43635B00099CDF /* MoneyMorphApp.swift */; };
		1B3DFE062A43635F00099CDF /* Assets.xcassets in Resources */ = {isa = PBXBuildFile; fileRef = 1B3DFE052A43635F00099CDF /* Assets.xcassets */; };
		1B3DFE132A4366F000099CDF /* LoginView.swift in Sources */ = {isa = PBXBuildFile; fileRef = 1B3DFE122A4366F000099CDF /* LoginView.swift */; };
		1B3DFE162A43674400099CDF /* RegisterView.swift in Sources */ = {isa = PBXBuildFile; fileRef = 1B3DFE152A43674400099CDF /* RegisterView.swift */; };
		1B3DFE182A43682800099CDF /* InputView.swift in Sources */ = {isa = PBXBuildFile; fileRef = 1B3DFE172A43682800099CDF /* InputView.swift */; };
		1B5601B82A4CB42E009BB858 /* Poppins-Bold.ttf in Resources */ = {isa = PBXBuildFile; fileRef = 1B5601B72A4CB42E009BB858 /* Poppins-Bold.ttf */; };
		1B5601BB2A4CB694009BB858 /* Poppins-Medium.ttf in Resources */ = {isa = PBXBuildFile; fileRef = 1B5601BA2A4CB693009BB858 /* Poppins-Medium.ttf */; };
		1B5601BD2A4CB8AE009BB858 /* Poppins-Regular.ttf in Resources */ = {isa = PBXBuildFile; fileRef = 1B5601BC2A4CB8AE009BB858 /* Poppins-Regular.ttf */; };
		1B5BD93D2A784F1C0069193D /* DogImageView.swift in Sources */ = {isa = PBXBuildFile; fileRef = 1B5BD93C2A784F1B0069193D /* DogImageView.swift */; };
		1B5BD93F2A7850310069193D /* JokeView.swift in Sources */ = {isa = PBXBuildFile; fileRef = 1B5BD93E2A7850310069193D /* JokeView.swift */; };
		1B5BD9412A7850F00069193D /* RandomUserView.swift in Sources */ = {isa = PBXBuildFile; fileRef = 1B5BD9402A7850F00069193D /* RandomUserView.swift */; };
		1B5BD9452A7851590069193D /* CatsView.swift in Sources */ = {isa = PBXBuildFile; fileRef = 1B5BD9442A7851590069193D /* CatsView.swift */; };
		1B62299A2A78F25F00D89D2A /* DogImageResponse.swift in Sources */ = {isa = PBXBuildFile; fileRef = 1B6229992A78F25F00D89D2A /* DogImageResponse.swift */; };
		1B62299C2A78F7BF00D89D2A /* DogRandomImageView.swift in Sources */ = {isa = PBXBuildFile; fileRef = 1B62299B2A78F7BE00D89D2A /* DogRandomImageView.swift */; };
		1B62299E2A78FB4B00D89D2A /* IPInfoView.swift in Sources */ = {isa = PBXBuildFile; fileRef = 1B62299D2A78FB4B00D89D2A /* IPInfoView.swift */; };
		1B6229A12A78FC3E00D89D2A /* IPInfo.swift in Sources */ = {isa = PBXBuildFile; fileRef = 1B6229A02A78FC3E00D89D2A /* IPInfo.swift */; };
		1B6229A52A78FCEC00D89D2A /* IPInfoViewModel.swift in Sources */ = {isa = PBXBuildFile; fileRef = 1B6229A42A78FCEC00D89D2A /* IPInfoViewModel.swift */; };
		1B73549D2A7857970049549B /* CatFactManager.swift in Sources */ = {isa = PBXBuildFile; fileRef = 1B73549C2A7857970049549B /* CatFactManager.swift */; };
		1B73549F2A785A330049549B /* CatFact.swift in Sources */ = {isa = PBXBuildFile; fileRef = 1B73549E2A785A330049549B /* CatFact.swift */; };
		1B7354AB2A7873FF0049549B /* JokesViewModel.swift in Sources */ = {isa = PBXBuildFile; fileRef = 1B7354AA2A7873FF0049549B /* JokesViewModel.swift */; };
		1B9A4A632A4732300012FD06 /* PageIntro.swift in Sources */ = {isa = PBXBuildFile; fileRef = 1B9A4A622A4732300012FD06 /* PageIntro.swift */; };
		1BACC1772A48AE83009268C7 /* HomeView.swift in Sources */ = {isa = PBXBuildFile; fileRef = 1BACC1762A48AE83009268C7 /* HomeView.swift */; };
		1BB7EB352A79200900998D0D /* AgePredictionView.swift in Sources */ = {isa = PBXBuildFile; fileRef = 1BB7EB342A79200800998D0D /* AgePredictionView.swift */; };
		1BB7EB372A79248F00998D0D /* AgePredictionData.swift in Sources */ = {isa = PBXBuildFile; fileRef = 1BB7EB362A79248F00998D0D /* AgePredictionData.swift */; };
		1BD2C2F32A79088500555594 /* RandomUserViewModel.swift in Sources */ = {isa = PBXBuildFile; fileRef = 1BD2C2F22A79088500555594 /* RandomUserViewModel.swift */; };
		1BEAA0B22A4B6935008F4583 /* ComponentsTextField.swift in Sources */ = {isa = PBXBuildFile; fileRef = 1BEAA0B12A4B6935008F4583 /* ComponentsTextField.swift */; };
		1BF8B05B2A54A4440084047D /* GoogleService-Info.plist in Resources */ = {isa = PBXBuildFile; fileRef = 1BF8B05A2A54A4440084047D /* GoogleService-Info.plist */; };
		1BF8B05E2A54AF4E0084047D /* FirebaseAuth in Frameworks */ = {isa = PBXBuildFile; productRef = 1BF8B05D2A54AF4E0084047D /* FirebaseAuth */; };
		1BF8B0602A54AF4E0084047D /* FirebaseDatabase in Frameworks */ = {isa = PBXBuildFile; productRef = 1BF8B05F2A54AF4E0084047D /* FirebaseDatabase */; };
		1BF8B0622A54AF4E0084047D /* FirebaseDatabaseSwift in Frameworks */ = {isa = PBXBuildFile; productRef = 1BF8B0612A54AF4E0084047D /* FirebaseDatabaseSwift */; };
		1BF8B0642A54AF4E0084047D /* FirebaseFirestore in Frameworks */ = {isa = PBXBuildFile; productRef = 1BF8B0632A54AF4E0084047D /* FirebaseFirestore */; };
		1BF8B0662A54AF4E0084047D /* FirebaseFirestoreSwift in Frameworks */ = {isa = PBXBuildFile; productRef = 1BF8B0652A54AF4E0084047D /* FirebaseFirestoreSwift */; };
		1BF8B0682A54AF4E0084047D /* FirebaseInAppMessaging-Beta in Frameworks */ = {isa = PBXBuildFile; productRef = 1BF8B0672A54AF4E0084047D /* FirebaseInAppMessaging-Beta */; };
		1BF8B06A2A54AF4E0084047D /* FirebaseInAppMessagingSwift-Beta in Frameworks */ = {isa = PBXBuildFile; productRef = 1BF8B0692A54AF4E0084047D /* FirebaseInAppMessagingSwift-Beta */; };
		1BF8B06C2A54AF4E0084047D /* FirebaseMessaging in Frameworks */ = {isa = PBXBuildFile; productRef = 1BF8B06B2A54AF4E0084047D /* FirebaseMessaging */; };
		1BF8B06E2A54AF4E0084047D /* FirebaseStorage in Frameworks */ = {isa = PBXBuildFile; productRef = 1BF8B06D2A54AF4E0084047D /* FirebaseStorage */; };
/* End PBXBuildFile section */

/* Begin PBXFileReference section */
		1B0C67072A77CB2900C253C9 /* IntroViewSlide.swift */ = {isa = PBXFileReference; lastKnownFileType = sourcecode.swift; path = IntroViewSlide.swift; sourceTree = "<group>"; };
		1B1FF8A12A7875590079A8EE /* Joke.swift */ = {isa = PBXFileReference; lastKnownFileType = sourcecode.swift; path = Joke.swift; sourceTree = "<group>"; };
		1B1FF8A62A7878E70079A8EE /* DogImageViewModel.swift */ = {isa = PBXFileReference; lastKnownFileType = sourcecode.swift; path = DogImageViewModel.swift; sourceTree = "<group>"; };
		1B2883542A75046500EFD32A /* String.swift */ = {isa = PBXFileReference; lastKnownFileType = sourcecode.swift; path = String.swift; sourceTree = "<group>"; };
		1B2883582A75084C00EFD32A /* AuthManager.swift */ = {isa = PBXFileReference; lastKnownFileType = sourcecode.swift; path = AuthManager.swift; sourceTree = "<group>"; };
		1B3090C42A4986C800B76EB1 /* ForgotPasswordView.swift */ = {isa = PBXFileReference; lastKnownFileType = sourcecode.swift; path = ForgotPasswordView.swift; sourceTree = "<group>"; };
		1B3090C82A49887E00B76EB1 /* ComponentsViewSlide.swift */ = {isa = PBXFileReference; lastKnownFileType = sourcecode.swift; path = ComponentsViewSlide.swift; sourceTree = "<group>"; };
		1B3090CB2A499CB200B76EB1 /* CustomIndicatorView.swift */ = {isa = PBXFileReference; lastKnownFileType = sourcecode.swift; path = CustomIndicatorView.swift; sourceTree = "<group>"; };
		1B3090CD2A49D27600B76EB1 /* CustomLoginView.swift */ = {isa = PBXFileReference; lastKnownFileType = sourcecode.swift; path = CustomLoginView.swift; sourceTree = "<group>"; };
		1B3090CF2A4A102800B76EB1 /* LegalDocumentView.swift */ = {isa = PBXFileReference; lastKnownFileType = sourcecode.swift; path = LegalDocumentView.swift; sourceTree = "<group>"; };
		1B3090D12A4A118200B76EB1 /* SwitchSignUpView.swift */ = {isa = PBXFileReference; lastKnownFileType = sourcecode.swift; path = SwitchSignUpView.swift; sourceTree = "<group>"; };
		1B31A6E72A5586F500F929A1 /* User.swift */ = {isa = PBXFileReference; lastKnownFileType = sourcecode.swift; path = User.swift; sourceTree = "<group>"; };
		1B31A6EA2A5593AD00F929A1 /* ProfileView.swift */ = {isa = PBXFileReference; lastKnownFileType = sourcecode.swift; path = ProfileView.swift; sourceTree = "<group>"; };
		1B31A6EC2A5599C100F929A1 /* SettingRowView.swift */ = {isa = PBXFileReference; lastKnownFileType = sourcecode.swift; path = SettingRowView.swift; sourceTree = "<group>"; };
		1B3DFDFE2A43635B00099CDF /* MoneyMorph.app */ = {isa = PBXFileReference; explicitFileType = wrapper.application; includeInIndex = 0; path = MoneyMorph.app; sourceTree = BUILT_PRODUCTS_DIR; };
		1B3DFE012A43635B00099CDF /* MoneyMorphApp.swift */ = {isa = PBXFileReference; lastKnownFileType = sourcecode.swift; path = MoneyMorphApp.swift; sourceTree = "<group>"; };
		1B3DFE052A43635F00099CDF /* Assets.xcassets */ = {isa = PBXFileReference; lastKnownFileType = folder.assetcatalog; path = Assets.xcassets; sourceTree = "<group>"; };
		1B3DFE122A4366F000099CDF /* LoginView.swift */ = {isa = PBXFileReference; lastKnownFileType = sourcecode.swift; path = LoginView.swift; sourceTree = "<group>"; };
		1B3DFE152A43674400099CDF /* RegisterView.swift */ = {isa = PBXFileReference; lastKnownFileType = sourcecode.swift; path = RegisterView.swift; sourceTree = "<group>"; };
		1B3DFE172A43682800099CDF /* InputView.swift */ = {isa = PBXFileReference; lastKnownFileType = sourcecode.swift; path = InputView.swift; sourceTree = "<group>"; };
		1B5601B72A4CB42E009BB858 /* Poppins-Bold.ttf */ = {isa = PBXFileReference; lastKnownFileType = file; path = "Poppins-Bold.ttf"; sourceTree = "<group>"; };
		1B5601B92A4CB481009BB858 /* Info.plist */ = {isa = PBXFileReference; lastKnownFileType = text.plist; path = Info.plist; sourceTree = "<group>"; };
		1B5601BA2A4CB693009BB858 /* Poppins-Medium.ttf */ = {isa = PBXFileReference; lastKnownFileType = file; path = "Poppins-Medium.ttf"; sourceTree = "<group>"; };
		1B5601BC2A4CB8AE009BB858 /* Poppins-Regular.ttf */ = {isa = PBXFileReference; lastKnownFileType = file; path = "Poppins-Regular.ttf"; sourceTree = "<group>"; };
		1B5BD93C2A784F1B0069193D /* DogImageView.swift */ = {isa = PBXFileReference; lastKnownFileType = sourcecode.swift; path = DogImageView.swift; sourceTree = "<group>"; };
		1B5BD93E2A7850310069193D /* JokeView.swift */ = {isa = PBXFileReference; lastKnownFileType = sourcecode.swift; path = JokeView.swift; sourceTree = "<group>"; };
		1B5BD9402A7850F00069193D /* RandomUserView.swift */ = {isa = PBXFileReference; lastKnownFileType = sourcecode.swift; path = RandomUserView.swift; sourceTree = "<group>"; };
		1B5BD9442A7851590069193D /* CatsView.swift */ = {isa = PBXFileReference; lastKnownFileType = sourcecode.swift; path = CatsView.swift; sourceTree = "<group>"; };
		1B6229992A78F25F00D89D2A /* DogImageResponse.swift */ = {isa = PBXFileReference; lastKnownFileType = sourcecode.swift; path = DogImageResponse.swift; sourceTree = "<group>"; };
		1B62299B2A78F7BE00D89D2A /* DogRandomImageView.swift */ = {isa = PBXFileReference; lastKnownFileType = sourcecode.swift; path = DogRandomImageView.swift; sourceTree = "<group>"; };
		1B62299D2A78FB4B00D89D2A /* IPInfoView.swift */ = {isa = PBXFileReference; lastKnownFileType = sourcecode.swift; path = IPInfoView.swift; sourceTree = "<group>"; };
		1B6229A02A78FC3E00D89D2A /* IPInfo.swift */ = {isa = PBXFileReference; lastKnownFileType = sourcecode.swift; path = IPInfo.swift; sourceTree = "<group>"; };
		1B6229A42A78FCEC00D89D2A /* IPInfoViewModel.swift */ = {isa = PBXFileReference; lastKnownFileType = sourcecode.swift; path = IPInfoViewModel.swift; sourceTree = "<group>"; };
		1B73549C2A7857970049549B /* CatFactManager.swift */ = {isa = PBXFileReference; lastKnownFileType = sourcecode.swift; path = CatFactManager.swift; sourceTree = "<group>"; };
		1B73549E2A785A330049549B /* CatFact.swift */ = {isa = PBXFileReference; lastKnownFileType = sourcecode.swift; path = CatFact.swift; sourceTree = "<group>"; };
		1B7354AA2A7873FF0049549B /* JokesViewModel.swift */ = {isa = PBXFileReference; lastKnownFileType = sourcecode.swift; path = JokesViewModel.swift; sourceTree = "<group>"; };
		1B9A4A622A4732300012FD06 /* PageIntro.swift */ = {isa = PBXFileReference; lastKnownFileType = sourcecode.swift; path = PageIntro.swift; sourceTree = "<group>"; };
		1BACC1762A48AE83009268C7 /* HomeView.swift */ = {isa = PBXFileReference; lastKnownFileType = sourcecode.swift; path = HomeView.swift; sourceTree = "<group>"; };
		1BB7EB342A79200800998D0D /* AgePredictionView.swift */ = {isa = PBXFileReference; lastKnownFileType = sourcecode.swift; path = AgePredictionView.swift; sourceTree = "<group>"; };
		1BB7EB362A79248F00998D0D /* AgePredictionData.swift */ = {isa = PBXFileReference; lastKnownFileType = sourcecode.swift; path = AgePredictionData.swift; sourceTree = "<group>"; };
		1BD2C2F22A79088500555594 /* RandomUserViewModel.swift */ = {isa = PBXFileReference; lastKnownFileType = sourcecode.swift; path = RandomUserViewModel.swift; sourceTree = "<group>"; };
		1BEAA0B12A4B6935008F4583 /* ComponentsTextField.swift */ = {isa = PBXFileReference; lastKnownFileType = sourcecode.swift; path = ComponentsTextField.swift; sourceTree = "<group>"; };
		1BF8B05A2A54A4440084047D /* GoogleService-Info.plist */ = {isa = PBXFileReference; fileEncoding = 4; lastKnownFileType = text.plist.xml; path = "GoogleService-Info.plist"; sourceTree = "<group>"; };
/* End PBXFileReference section */

/* Begin PBXFrameworksBuildPhase section */
		1B3DFDFB2A43635B00099CDF /* Frameworks */ = {
			isa = PBXFrameworksBuildPhase;
			buildActionMask = 2147483647;
			files = (
				1BF8B06C2A54AF4E0084047D /* FirebaseMessaging in Frameworks */,
				1BF8B0662A54AF4E0084047D /* FirebaseFirestoreSwift in Frameworks */,
				1BF8B06E2A54AF4E0084047D /* FirebaseStorage in Frameworks */,
				1BF8B0622A54AF4E0084047D /* FirebaseDatabaseSwift in Frameworks */,
				1BF8B06A2A54AF4E0084047D /* FirebaseInAppMessagingSwift-Beta in Frameworks */,
				1BF8B0642A54AF4E0084047D /* FirebaseFirestore in Frameworks */,
				1BF8B0602A54AF4E0084047D /* FirebaseDatabase in Frameworks */,
				1BF8B05E2A54AF4E0084047D /* FirebaseAuth in Frameworks */,
				1BF8B0682A54AF4E0084047D /* FirebaseInAppMessaging-Beta in Frameworks */,
			);
			runOnlyForDeploymentPostprocessing = 0;
		};
/* End PBXFrameworksBuildPhase section */

/* Begin PBXGroup section */
		1B1FF8A52A7878BE0079A8EE /* Api */ = {
			isa = PBXGroup;
			children = (
				1B1FF8A62A7878E70079A8EE /* DogImageViewModel.swift */,
			);
			path = Api;
			sourceTree = "<group>";
		};
		1B3090CA2A499AF100B76EB1 /* View */ = {
			isa = PBXGroup;
			children = (
				1B3090C82A49887E00B76EB1 /* ComponentsViewSlide.swift */,
				1B3090CB2A499CB200B76EB1 /* CustomIndicatorView.swift */,
				1B3090CD2A49D27600B76EB1 /* CustomLoginView.swift */,
				1B3090CF2A4A102800B76EB1 /* LegalDocumentView.swift */,
				1B3090D12A4A118200B76EB1 /* SwitchSignUpView.swift */,
				1BEAA0B12A4B6935008F4583 /* ComponentsTextField.swift */,
				1B31A6EC2A5599C100F929A1 /* SettingRowView.swift */,
			);
			path = View;
			sourceTree = "<group>";
		};
		1B31A6E92A558B6500F929A1 /* Profile */ = {
			isa = PBXGroup;
			children = (
				1B31A6EA2A5593AD00F929A1 /* ProfileView.swift */,
			);
			path = Profile;
			sourceTree = "<group>";
		};
		1B3DFDF52A43635B00099CDF = {
			isa = PBXGroup;
			children = (
				1B3DFE002A43635B00099CDF /* MoneyMorph */,
				1B3DFDFF2A43635B00099CDF /* Products */,
			);
			sourceTree = "<group>";
		};
		1B3DFDFF2A43635B00099CDF /* Products */ = {
			isa = PBXGroup;
			children = (
				1B3DFDFE2A43635B00099CDF /* MoneyMorph.app */,
			);
			name = Products;
			sourceTree = "<group>";
		};
		1B3DFE002A43635B00099CDF /* MoneyMorph */ = {
			isa = PBXGroup;
			children = (
				1BB7EB322A791D3E00998D0D /* PageAgify */,
				1B5BD9362A784C140069193D /* PageDogs */,
				1B5BD9352A784BFD0069193D /* PageJokes */,
				1B5BD9342A784BBD0069193D /* PageRandomUser */,
				1B5BD9332A784B970069193D /* PageIPInfo */,
				1B5BD9322A784B3A0069193D /* PageCats */,
				1B31A6E92A558B6500F929A1 /* Profile */,
				1BF8B0732A54C0180084047D /* Model */,
				1BF8B05A2A54A4440084047D /* GoogleService-Info.plist */,
				1B5601B92A4CB481009BB858 /* Info.plist */,
				1B5601B42A4CB1F5009BB858 /* CustomFont */,
				1BACC1742A48AE09009268C7 /* Home */,
				1B9A4A582A472D990012FD06 /* Intro */,
				1B3DFE102A43669C00099CDF /* Authentication */,
				1B3DFE0F2A43663600099CDF /* Components */,
				1BF8B0722A54B74A0084047D /* App */,
				1B3DFE052A43635F00099CDF /* Assets.xcassets */,
			);
			path = MoneyMorph;
			sourceTree = "<group>";
		};
		1B3DFE0F2A43663600099CDF /* Components */ = {
			isa = PBXGroup;
			children = (
				1B3090CA2A499AF100B76EB1 /* View */,
				1B9A4A622A4732300012FD06 /* PageIntro.swift */,
				1B3DFE172A43682800099CDF /* InputView.swift */,
				1B2883582A75084C00EFD32A /* AuthManager.swift */,
			);
			path = Components;
			sourceTree = "<group>";
		};
		1B3DFE102A43669C00099CDF /* Authentication */ = {
			isa = PBXGroup;
			children = (
				1BF8B06F2A54AFC70084047D /* Extension */,
				1B3DFE112A4366C800099CDF /* View */,
			);
			path = Authentication;
			sourceTree = "<group>";
		};
		1B3DFE112A4366C800099CDF /* View */ = {
			isa = PBXGroup;
			children = (
				1B3DFE122A4366F000099CDF /* LoginView.swift */,
				1B3DFE152A43674400099CDF /* RegisterView.swift */,
				1B3090C42A4986C800B76EB1 /* ForgotPasswordView.swift */,
			);
			path = View;
			sourceTree = "<group>";
		};
		1B5601B42A4CB1F5009BB858 /* CustomFont */ = {
			isa = PBXGroup;
			children = (
				1B5601BC2A4CB8AE009BB858 /* Poppins-Regular.ttf */,
				1B5601BA2A4CB693009BB858 /* Poppins-Medium.ttf */,
				1B5601B72A4CB42E009BB858 /* Poppins-Bold.ttf */,
			);
			path = CustomFont;
			sourceTree = "<group>";
		};
		1B5BD9322A784B3A0069193D /* PageCats */ = {
			isa = PBXGroup;
			children = (
				1B73549B2A78574E0049549B /* Api */,
				1B5BD93B2A784EE00069193D /* View */,
				1B73549E2A785A330049549B /* CatFact.swift */,
			);
			path = PageCats;
			sourceTree = "<group>";
		};
		1B5BD9332A784B970069193D /* PageIPInfo */ = {
			isa = PBXGroup;
			children = (
				1B6229A22A78FC6400D89D2A /* ApiIP */,
				1B5BD93A2A784ED20069193D /* View */,
				1B6229A02A78FC3E00D89D2A /* IPInfo.swift */,
			);
			path = PageIPInfo;
			sourceTree = "<group>";
		};
		1B5BD9342A784BBD0069193D /* PageRandomUser */ = {
			isa = PBXGroup;
			children = (
				1BD2C2F12A79071800555594 /* Api */,
				1B5BD9392A784EC00069193D /* View */,
			);
			path = PageRandomUser;
			sourceTree = "<group>";
		};
		1B5BD9352A784BFD0069193D /* PageJokes */ = {
			isa = PBXGroup;
			children = (
				1B7354A92A7873E70049549B /* Api */,
				1B5BD9382A784EB40069193D /* View */,
				1B1FF8A12A7875590079A8EE /* Joke.swift */,
			);
			path = PageJokes;
			sourceTree = "<group>";
		};
		1B5BD9362A784C140069193D /* PageDogs */ = {
			isa = PBXGroup;
			children = (
				1B1FF8A52A7878BE0079A8EE /* Api */,
				1B5BD9372A784EA50069193D /* view */,
				1B6229992A78F25F00D89D2A /* DogImageResponse.swift */,
			);
			path = PageDogs;
			sourceTree = "<group>";
		};
		1B5BD9372A784EA50069193D /* view */ = {
			isa = PBXGroup;
			children = (
				1B5BD93C2A784F1B0069193D /* DogImageView.swift */,
				1B62299B2A78F7BE00D89D2A /* DogRandomImageView.swift */,
			);
			path = view;
			sourceTree = "<group>";
		};
		1B5BD9382A784EB40069193D /* View */ = {
			isa = PBXGroup;
			children = (
				1B5BD93E2A7850310069193D /* JokeView.swift */,
			);
			path = View;
			sourceTree = "<group>";
		};
		1B5BD9392A784EC00069193D /* View */ = {
			isa = PBXGroup;
			children = (
				1B5BD9402A7850F00069193D /* RandomUserView.swift */,
			);
			path = View;
			sourceTree = "<group>";
		};
		1B5BD93A2A784ED20069193D /* View */ = {
			isa = PBXGroup;
			children = (
				1B62299D2A78FB4B00D89D2A /* IPInfoView.swift */,
			);
			path = View;
			sourceTree = "<group>";
		};
		1B5BD93B2A784EE00069193D /* View */ = {
			isa = PBXGroup;
			children = (
				1B5BD9442A7851590069193D /* CatsView.swift */,
			);
			path = View;
			sourceTree = "<group>";
		};
		1B6229A22A78FC6400D89D2A /* ApiIP */ = {
			isa = PBXGroup;
			children = (
				1B6229A42A78FCEC00D89D2A /* IPInfoViewModel.swift */,
			);
			path = ApiIP;
			sourceTree = "<group>";
		};
		1B73549B2A78574E0049549B /* Api */ = {
			isa = PBXGroup;
			children = (
				1B73549C2A7857970049549B /* CatFactManager.swift */,
			);
			path = Api;
			sourceTree = "<group>";
		};
		1B7354A92A7873E70049549B /* Api */ = {
			isa = PBXGroup;
			children = (
				1B7354AA2A7873FF0049549B /* JokesViewModel.swift */,
			);
			path = Api;
			sourceTree = "<group>";
		};
		1B9A4A582A472D990012FD06 /* Intro */ = {
			isa = PBXGroup;
			children = (
				1B9A4A612A4731DF0012FD06 /* IntroView */,
			);
			path = Intro;
			sourceTree = "<group>";
		};
		1B9A4A612A4731DF0012FD06 /* IntroView */ = {
			isa = PBXGroup;
			children = (
				1B0C67072A77CB2900C253C9 /* IntroViewSlide.swift */,
			);
			path = IntroView;
			sourceTree = "<group>";
		};
		1BACC1742A48AE09009268C7 /* Home */ = {
			isa = PBXGroup;
			children = (
				1BACC1752A48AE11009268C7 /* View */,
			);
			path = Home;
			sourceTree = "<group>";
		};
		1BACC1752A48AE11009268C7 /* View */ = {
			isa = PBXGroup;
			children = (
				1BACC1762A48AE83009268C7 /* HomeView.swift */,
			);
			path = View;
			sourceTree = "<group>";
		};
		1BB7EB322A791D3E00998D0D /* PageAgify */ = {
			isa = PBXGroup;
			children = (
				1BB7EB332A791DD300998D0D /* Api */,
				1BB7EB342A79200800998D0D /* AgePredictionView.swift */,
				1BB7EB362A79248F00998D0D /* AgePredictionData.swift */,
			);
			path = PageAgify;
			sourceTree = "<group>";
		};
		1BB7EB332A791DD300998D0D /* Api */ = {
			isa = PBXGroup;
			children = (
			);
			path = Api;
			sourceTree = "<group>";
		};
		1BD2C2F12A79071800555594 /* Api */ = {
			isa = PBXGroup;
			children = (
				1BD2C2F22A79088500555594 /* RandomUserViewModel.swift */,
			);
			path = Api;
			sourceTree = "<group>";
		};
		1BF8B06F2A54AFC70084047D /* Extension */ = {
			isa = PBXGroup;
			children = (
				1B2883542A75046500EFD32A /* String.swift */,
			);
			path = Extension;
			sourceTree = "<group>";
		};
		1BF8B0722A54B74A0084047D /* App */ = {
			isa = PBXGroup;
			children = (
				1B3DFE012A43635B00099CDF /* MoneyMorphApp.swift */,
			);
			path = App;
			sourceTree = "<group>";
		};
		1BF8B0732A54C0180084047D /* Model */ = {
			isa = PBXGroup;
			children = (
				1B31A6E72A5586F500F929A1 /* User.swift */,
			);
			path = Model;
			sourceTree = "<group>";
		};
/* End PBXGroup section */

/* Begin PBXNativeTarget section */
		1B3DFDFD2A43635B00099CDF /* MoneyMorph */ = {
			isa = PBXNativeTarget;
			buildConfigurationList = 1B3DFE0C2A43635F00099CDF /* Build configuration list for PBXNativeTarget "MoneyMorph" */;
			buildPhases = (
				1B3DFDFA2A43635B00099CDF /* Sources */,
				1B3DFDFB2A43635B00099CDF /* Frameworks */,
				1B3DFDFC2A43635B00099CDF /* Resources */,
			);
			buildRules = (
			);
			dependencies = (
			);
			name = MoneyMorph;
			packageProductDependencies = (
				1BF8B05D2A54AF4E0084047D /* FirebaseAuth */,
				1BF8B05F2A54AF4E0084047D /* FirebaseDatabase */,
				1BF8B0612A54AF4E0084047D /* FirebaseDatabaseSwift */,
				1BF8B0632A54AF4E0084047D /* FirebaseFirestore */,
				1BF8B0652A54AF4E0084047D /* FirebaseFirestoreSwift */,
				1BF8B0672A54AF4E0084047D /* FirebaseInAppMessaging-Beta */,
				1BF8B0692A54AF4E0084047D /* FirebaseInAppMessagingSwift-Beta */,
				1BF8B06B2A54AF4E0084047D /* FirebaseMessaging */,
				1BF8B06D2A54AF4E0084047D /* FirebaseStorage */,
			);
			productName = MoneyMorph;
			productReference = 1B3DFDFE2A43635B00099CDF /* MoneyMorph.app */;
			productType = "com.apple.product-type.application";
		};
/* End PBXNativeTarget section */

/* Begin PBXProject section */
		1B3DFDF62A43635B00099CDF /* Project object */ = {
			isa = PBXProject;
			attributes = {
				BuildIndependentTargetsInParallel = 1;
				LastSwiftUpdateCheck = 1430;
				LastUpgradeCheck = 1430;
				TargetAttributes = {
					1B3DFDFD2A43635B00099CDF = {
						CreatedOnToolsVersion = 14.3;
					};
				};
			};
			buildConfigurationList = 1B3DFDF92A43635B00099CDF /* Build configuration list for PBXProject "MoneyMorph" */;
			compatibilityVersion = "Xcode 14.0";
			developmentRegion = en;
			hasScannedForEncodings = 0;
			knownRegions = (
				en,
				Base,
			);
			mainGroup = 1B3DFDF52A43635B00099CDF;
			packageReferences = (
				1BF8B05C2A54AF4E0084047D /* XCRemoteSwiftPackageReference "firebase-ios-sdk" */,
				1B7381962A780D83001A302A /* XCRemoteSwiftPackageReference "SDWebImageSwiftUI" */,
			);
			productRefGroup = 1B3DFDFF2A43635B00099CDF /* Products */;
			projectDirPath = "";
			projectRoot = "";
			targets = (
				1B3DFDFD2A43635B00099CDF /* MoneyMorph */,
			);
		};
/* End PBXProject section */

/* Begin PBXResourcesBuildPhase section */
		1B3DFDFC2A43635B00099CDF /* Resources */ = {
			isa = PBXResourcesBuildPhase;
			buildActionMask = 2147483647;
			files = (
				1B5601BB2A4CB694009BB858 /* Poppins-Medium.ttf in Resources */,
				1B5601B82A4CB42E009BB858 /* Poppins-Bold.ttf in Resources */,
				1B3DFE062A43635F00099CDF /* Assets.xcassets in Resources */,
				1B5601BD2A4CB8AE009BB858 /* Poppins-Regular.ttf in Resources */,
				1BF8B05B2A54A4440084047D /* GoogleService-Info.plist in Resources */,
			);
			runOnlyForDeploymentPostprocessing = 0;
		};
/* End PBXResourcesBuildPhase section */

/* Begin PBXSourcesBuildPhase section */
		1B3DFDFA2A43635B00099CDF /* Sources */ = {
			isa = PBXSourcesBuildPhase;
			buildActionMask = 2147483647;
			files = (
				1B2883552A75046500EFD32A /* String.swift in Sources */,
				1B3DFE132A4366F000099CDF /* LoginView.swift in Sources */,
				1BACC1772A48AE83009268C7 /* HomeView.swift in Sources */,
				1B3090D22A4A118200B76EB1 /* SwitchSignUpView.swift in Sources */,
				1B3090C52A4986C800B76EB1 /* ForgotPasswordView.swift in Sources */,
				1B5BD93F2A7850310069193D /* JokeView.swift in Sources */,
				1B3DFE162A43674400099CDF /* RegisterView.swift in Sources */,
				1B3090D02A4A102800B76EB1 /* LegalDocumentView.swift in Sources */,
				1B5BD93D2A784F1C0069193D /* DogImageView.swift in Sources */,
				1B0C67082A77CB2900C253C9 /* IntroViewSlide.swift in Sources */,
				1B62299E2A78FB4B00D89D2A /* IPInfoView.swift in Sources */,
				1B62299C2A78F7BF00D89D2A /* DogRandomImageView.swift in Sources */,
				1B6229A12A78FC3E00D89D2A /* IPInfo.swift in Sources */,
				1B3DFE182A43682800099CDF /* InputView.swift in Sources */,
				1B73549D2A7857970049549B /* CatFactManager.swift in Sources */,
				1B5BD9412A7850F00069193D /* RandomUserView.swift in Sources */,
				1B31A6E82A5586F500F929A1 /* User.swift in Sources */,
				1B62299A2A78F25F00D89D2A /* DogImageResponse.swift in Sources */,
				1B2883592A75084D00EFD32A /* AuthManager.swift in Sources */,
				1B6229A52A78FCEC00D89D2A /* IPInfoViewModel.swift in Sources */,
				1B5BD9452A7851590069193D /* CatsView.swift in Sources */,
				1BEAA0B22A4B6935008F4583 /* ComponentsTextField.swift in Sources */,
				1BD2C2F32A79088500555594 /* RandomUserViewModel.swift in Sources */,
				1B31A6EB2A5593AD00F929A1 /* ProfileView.swift in Sources */,
				1B3090CC2A499CB200B76EB1 /* CustomIndicatorView.swift in Sources */,
				1B73549F2A785A330049549B /* CatFact.swift in Sources */,
				1BB7EB372A79248F00998D0D /* AgePredictionData.swift in Sources */,
				1B3DFE022A43635B00099CDF /* MoneyMorphApp.swift in Sources */,
				1B31A6ED2A5599C100F929A1 /* SettingRowView.swift in Sources */,
				1B9A4A632A4732300012FD06 /* PageIntro.swift in Sources */,
				1BB7EB352A79200900998D0D /* AgePredictionView.swift in Sources */,
				1B1FF8A22A7875590079A8EE /* Joke.swift in Sources */,
				1B3090C92A49887E00B76EB1 /* ComponentsViewSlide.swift in Sources */,
				1B1FF8A72A7878E70079A8EE /* DogImageViewModel.swift in Sources */,
				1B3090CE2A49D27600B76EB1 /* CustomLoginView.swift in Sources */,
				1B7354AB2A7873FF0049549B /* JokesViewModel.swift in Sources */,
			);
			runOnlyForDeploymentPostprocessing = 0;
		};
/* End PBXSourcesBuildPhase section */

/* Begin XCBuildConfiguration section */
		1B3DFE0A2A43635F00099CDF /* Debug */ = {
			isa = XCBuildConfiguration;
			buildSettings = {
				ALWAYS_SEARCH_USER_PATHS = NO;
				CLANG_ANALYZER_NONNULL = YES;
				CLANG_ANALYZER_NUMBER_OBJECT_CONVERSION = YES_AGGRESSIVE;
				CLANG_CXX_LANGUAGE_STANDARD = "gnu++20";
				CLANG_ENABLE_MODULES = YES;
				CLANG_ENABLE_OBJC_ARC = YES;
				CLANG_ENABLE_OBJC_WEAK = YES;
				CLANG_WARN_BLOCK_CAPTURE_AUTORELEASING = YES;
				CLANG_WARN_BOOL_CONVERSION = YES;
				CLANG_WARN_COMMA = YES;
				CLANG_WARN_CONSTANT_CONVERSION = YES;
				CLANG_WARN_DEPRECATED_OBJC_IMPLEMENTATIONS = YES;
				CLANG_WARN_DIRECT_OBJC_ISA_USAGE = YES_ERROR;
				CLANG_WARN_DOCUMENTATION_COMMENTS = YES;
				CLANG_WARN_EMPTY_BODY = YES;
				CLANG_WARN_ENUM_CONVERSION = YES;
				CLANG_WARN_INFINITE_RECURSION = YES;
				CLANG_WARN_INT_CONVERSION = YES;
				CLANG_WARN_NON_LITERAL_NULL_CONVERSION = YES;
				CLANG_WARN_OBJC_IMPLICIT_RETAIN_SELF = YES;
				CLANG_WARN_OBJC_LITERAL_CONVERSION = YES;
				CLANG_WARN_OBJC_ROOT_CLASS = YES_ERROR;
				CLANG_WARN_QUOTED_INCLUDE_IN_FRAMEWORK_HEADER = YES;
				CLANG_WARN_RANGE_LOOP_ANALYSIS = YES;
				CLANG_WARN_STRICT_PROTOTYPES = YES;
				CLANG_WARN_SUSPICIOUS_MOVE = YES;
				CLANG_WARN_UNGUARDED_AVAILABILITY = YES_AGGRESSIVE;
				CLANG_WARN_UNREACHABLE_CODE = YES;
				CLANG_WARN__DUPLICATE_METHOD_MATCH = YES;
				COPY_PHASE_STRIP = NO;
				DEBUG_INFORMATION_FORMAT = dwarf;
				ENABLE_STRICT_OBJC_MSGSEND = YES;
				ENABLE_TESTABILITY = YES;
				GCC_C_LANGUAGE_STANDARD = gnu11;
				GCC_DYNAMIC_NO_PIC = NO;
				GCC_NO_COMMON_BLOCKS = YES;
				GCC_OPTIMIZATION_LEVEL = 0;
				GCC_PREPROCESSOR_DEFINITIONS = (
					"DEBUG=1",
					"$(inherited)",
				);
				GCC_WARN_64_TO_32_BIT_CONVERSION = YES;
				GCC_WARN_ABOUT_RETURN_TYPE = YES_ERROR;
				GCC_WARN_UNDECLARED_SELECTOR = YES;
				GCC_WARN_UNINITIALIZED_AUTOS = YES_AGGRESSIVE;
				GCC_WARN_UNUSED_FUNCTION = YES;
				GCC_WARN_UNUSED_VARIABLE = YES;
				IPHONEOS_DEPLOYMENT_TARGET = 16.4;
				MTL_ENABLE_DEBUG_INFO = INCLUDE_SOURCE;
				MTL_FAST_MATH = YES;
				ONLY_ACTIVE_ARCH = YES;
				SDKROOT = iphoneos;
				SWIFT_ACTIVE_COMPILATION_CONDITIONS = DEBUG;
				SWIFT_OPTIMIZATION_LEVEL = "-Onone";
			};
			name = Debug;
		};
		1B3DFE0B2A43635F00099CDF /* Release */ = {
			isa = XCBuildConfiguration;
			buildSettings = {
				ALWAYS_SEARCH_USER_PATHS = NO;
				CLANG_ANALYZER_NONNULL = YES;
				CLANG_ANALYZER_NUMBER_OBJECT_CONVERSION = YES_AGGRESSIVE;
				CLANG_CXX_LANGUAGE_STANDARD = "gnu++20";
				CLANG_ENABLE_MODULES = YES;
				CLANG_ENABLE_OBJC_ARC = YES;
				CLANG_ENABLE_OBJC_WEAK = YES;
				CLANG_WARN_BLOCK_CAPTURE_AUTORELEASING = YES;
				CLANG_WARN_BOOL_CONVERSION = YES;
				CLANG_WARN_COMMA = YES;
				CLANG_WARN_CONSTANT_CONVERSION = YES;
				CLANG_WARN_DEPRECATED_OBJC_IMPLEMENTATIONS = YES;
				CLANG_WARN_DIRECT_OBJC_ISA_USAGE = YES_ERROR;
				CLANG_WARN_DOCUMENTATION_COMMENTS = YES;
				CLANG_WARN_EMPTY_BODY = YES;
				CLANG_WARN_ENUM_CONVERSION = YES;
				CLANG_WARN_INFINITE_RECURSION = YES;
				CLANG_WARN_INT_CONVERSION = YES;
				CLANG_WARN_NON_LITERAL_NULL_CONVERSION = YES;
				CLANG_WARN_OBJC_IMPLICIT_RETAIN_SELF = YES;
				CLANG_WARN_OBJC_LITERAL_CONVERSION = YES;
				CLANG_WARN_OBJC_ROOT_CLASS = YES_ERROR;
				CLANG_WARN_QUOTED_INCLUDE_IN_FRAMEWORK_HEADER = YES;
				CLANG_WARN_RANGE_LOOP_ANALYSIS = YES;
				CLANG_WARN_STRICT_PROTOTYPES = YES;
				CLANG_WARN_SUSPICIOUS_MOVE = YES;
				CLANG_WARN_UNGUARDED_AVAILABILITY = YES_AGGRESSIVE;
				CLANG_WARN_UNREACHABLE_CODE = YES;
				CLANG_WARN__DUPLICATE_METHOD_MATCH = YES;
				COPY_PHASE_STRIP = NO;
				DEBUG_INFORMATION_FORMAT = "dwarf-with-dsym";
				ENABLE_NS_ASSERTIONS = NO;
				ENABLE_STRICT_OBJC_MSGSEND = YES;
				GCC_C_LANGUAGE_STANDARD = gnu11;
				GCC_NO_COMMON_BLOCKS = YES;
				GCC_WARN_64_TO_32_BIT_CONVERSION = YES;
				GCC_WARN_ABOUT_RETURN_TYPE = YES_ERROR;
				GCC_WARN_UNDECLARED_SELECTOR = YES;
				GCC_WARN_UNINITIALIZED_AUTOS = YES_AGGRESSIVE;
				GCC_WARN_UNUSED_FUNCTION = YES;
				GCC_WARN_UNUSED_VARIABLE = YES;
				IPHONEOS_DEPLOYMENT_TARGET = 16.4;
				MTL_ENABLE_DEBUG_INFO = NO;
				MTL_FAST_MATH = YES;
				SDKROOT = iphoneos;
				SWIFT_COMPILATION_MODE = wholemodule;
				SWIFT_OPTIMIZATION_LEVEL = "-O";
				VALIDATE_PRODUCT = YES;
			};
			name = Release;
		};
		1B3DFE0D2A43635F00099CDF /* Debug */ = {
			isa = XCBuildConfiguration;
			buildSettings = {
				ASSETCATALOG_COMPILER_APPICON_NAME = AppIcon;
				ASSETCATALOG_COMPILER_GLOBAL_ACCENT_COLOR_NAME = AccentColor;
				CODE_SIGN_STYLE = Automatic;
				CURRENT_PROJECT_VERSION = 1;
				DEVELOPMENT_ASSET_PATHS = "\"MoneyMorph/Preview Content\"";
				DEVELOPMENT_TEAM = CGYN2SMW8X;
				ENABLE_PREVIEWS = YES;
				GENERATE_INFOPLIST_FILE = YES;
				INFOPLIST_FILE = MoneyMorph/Info.plist;
				INFOPLIST_KEY_UIApplicationSceneManifest_Generation = YES;
				INFOPLIST_KEY_UIApplicationSupportsIndirectInputEvents = YES;
				INFOPLIST_KEY_UILaunchScreen_Generation = YES;
				INFOPLIST_KEY_UISupportedInterfaceOrientations_iPad = "UIInterfaceOrientationPortrait UIInterfaceOrientationPortraitUpsideDown UIInterfaceOrientationLandscapeLeft UIInterfaceOrientationLandscapeRight";
				INFOPLIST_KEY_UISupportedInterfaceOrientations_iPhone = "UIInterfaceOrientationPortrait UIInterfaceOrientationLandscapeLeft UIInterfaceOrientationLandscapeRight";
				LD_RUNPATH_SEARCH_PATHS = (
					"$(inherited)",
					"@executable_path/Frameworks",
				);
				MARKETING_VERSION = 1.0;
				PRODUCT_BUNDLE_IDENTIFIER = "com.-Adam-Permana.MoneyMorph";
				PRODUCT_NAME = "$(TARGET_NAME)";
				SWIFT_EMIT_LOC_STRINGS = YES;
				SWIFT_VERSION = 5.0;
				TARGETED_DEVICE_FAMILY = "1,2";
			};
			name = Debug;
		};
		1B3DFE0E2A43635F00099CDF /* Release */ = {
			isa = XCBuildConfiguration;
			buildSettings = {
				ASSETCATALOG_COMPILER_APPICON_NAME = AppIcon;
				ASSETCATALOG_COMPILER_GLOBAL_ACCENT_COLOR_NAME = AccentColor;
				CODE_SIGN_STYLE = Automatic;
				CURRENT_PROJECT_VERSION = 1;
				DEVELOPMENT_ASSET_PATHS = "\"MoneyMorph/Preview Content\"";
				DEVELOPMENT_TEAM = CGYN2SMW8X;
				ENABLE_PREVIEWS = YES;
				GENERATE_INFOPLIST_FILE = YES;
				INFOPLIST_FILE = MoneyMorph/Info.plist;
				INFOPLIST_KEY_UIApplicationSceneManifest_Generation = YES;
				INFOPLIST_KEY_UIApplicationSupportsIndirectInputEvents = YES;
				INFOPLIST_KEY_UILaunchScreen_Generation = YES;
				INFOPLIST_KEY_UISupportedInterfaceOrientations_iPad = "UIInterfaceOrientationPortrait UIInterfaceOrientationPortraitUpsideDown UIInterfaceOrientationLandscapeLeft UIInterfaceOrientationLandscapeRight";
				INFOPLIST_KEY_UISupportedInterfaceOrientations_iPhone = "UIInterfaceOrientationPortrait UIInterfaceOrientationLandscapeLeft UIInterfaceOrientationLandscapeRight";
				LD_RUNPATH_SEARCH_PATHS = (
					"$(inherited)",
					"@executable_path/Frameworks",
				);
				MARKETING_VERSION = 1.0;
				PRODUCT_BUNDLE_IDENTIFIER = "com.-Adam-Permana.MoneyMorph";
				PRODUCT_NAME = "$(TARGET_NAME)";
				SWIFT_EMIT_LOC_STRINGS = YES;
				SWIFT_VERSION = 5.0;
				TARGETED_DEVICE_FAMILY = "1,2";
			};
			name = Release;
		};
/* End XCBuildConfiguration section */

/* Begin XCConfigurationList section */
		1B3DFDF92A43635B00099CDF /* Build configuration list for PBXProject "MoneyMorph" */ = {
			isa = XCConfigurationList;
			buildConfigurations = (
				1B3DFE0A2A43635F00099CDF /* Debug */,
				1B3DFE0B2A43635F00099CDF /* Release */,
			);
			defaultConfigurationIsVisible = 0;
			defaultConfigurationName = Release;
		};
		1B3DFE0C2A43635F00099CDF /* Build configuration list for PBXNativeTarget "MoneyMorph" */ = {
			isa = XCConfigurationList;
			buildConfigurations = (
				1B3DFE0D2A43635F00099CDF /* Debug */,
				1B3DFE0E2A43635F00099CDF /* Release */,
			);
			defaultConfigurationIsVisible = 0;
			defaultConfigurationName = Release;
		};
/* End XCConfigurationList section */

/* Begin XCRemoteSwiftPackageReference section */
		1B7381962A780D83001A302A /* XCRemoteSwiftPackageReference "SDWebImageSwiftUI" */ = {
			isa = XCRemoteSwiftPackageReference;
			repositoryURL = "https://github.com/SDWebImage/SDWebImageSwiftUI.git";
			requirement = {
				kind = upToNextMajorVersion;
				minimumVersion = 2.0.0;
			};
		};
		1BF8B05C2A54AF4E0084047D /* XCRemoteSwiftPackageReference "firebase-ios-sdk" */ = {
			isa = XCRemoteSwiftPackageReference;
			repositoryURL = "https://github.com/firebase/firebase-ios-sdk";
			requirement = {
				kind = upToNextMajorVersion;
				minimumVersion = 10.0.0;
			};
		};
/* End XCRemoteSwiftPackageReference section */

/* Begin XCSwiftPackageProductDependency section */
		1BF8B05D2A54AF4E0084047D /* FirebaseAuth */ = {
			isa = XCSwiftPackageProductDependency;
			package = 1BF8B05C2A54AF4E0084047D /* XCRemoteSwiftPackageReference "firebase-ios-sdk" */;
			productName = FirebaseAuth;
		};
		1BF8B05F2A54AF4E0084047D /* FirebaseDatabase */ = {
			isa = XCSwiftPackageProductDependency;
			package = 1BF8B05C2A54AF4E0084047D /* XCRemoteSwiftPackageReference "firebase-ios-sdk" */;
			productName = FirebaseDatabase;
		};
		1BF8B0612A54AF4E0084047D /* FirebaseDatabaseSwift */ = {
			isa = XCSwiftPackageProductDependency;
			package = 1BF8B05C2A54AF4E0084047D /* XCRemoteSwiftPackageReference "firebase-ios-sdk" */;
			productName = FirebaseDatabaseSwift;
		};
		1BF8B0632A54AF4E0084047D /* FirebaseFirestore */ = {
			isa = XCSwiftPackageProductDependency;
			package = 1BF8B05C2A54AF4E0084047D /* XCRemoteSwiftPackageReference "firebase-ios-sdk" */;
			productName = FirebaseFirestore;
		};
		1BF8B0652A54AF4E0084047D /* FirebaseFirestoreSwift */ = {
			isa = XCSwiftPackageProductDependency;
			package = 1BF8B05C2A54AF4E0084047D /* XCRemoteSwiftPackageReference "firebase-ios-sdk" */;
			productName = FirebaseFirestoreSwift;
		};
		1BF8B0672A54AF4E0084047D /* FirebaseInAppMessaging-Beta */ = {
			isa = XCSwiftPackageProductDependency;
			package = 1BF8B05C2A54AF4E0084047D /* XCRemoteSwiftPackageReference "firebase-ios-sdk" */;
			productName = "FirebaseInAppMessaging-Beta";
		};
		1BF8B0692A54AF4E0084047D /* FirebaseInAppMessagingSwift-Beta */ = {
			isa = XCSwiftPackageProductDependency;
			package = 1BF8B05C2A54AF4E0084047D /* XCRemoteSwiftPackageReference "firebase-ios-sdk" */;
			productName = "FirebaseInAppMessagingSwift-Beta";
		};
		1BF8B06B2A54AF4E0084047D /* FirebaseMessaging */ = {
			isa = XCSwiftPackageProductDependency;
			package = 1BF8B05C2A54AF4E0084047D /* XCRemoteSwiftPackageReference "firebase-ios-sdk" */;
			productName = FirebaseMessaging;
		};
		1BF8B06D2A54AF4E0084047D /* FirebaseStorage */ = {
			isa = XCSwiftPackageProductDependency;
			package = 1BF8B05C2A54AF4E0084047D /* XCRemoteSwiftPackageReference "firebase-ios-sdk" */;
			productName = FirebaseStorage;
		};
/* End XCSwiftPackageProductDependency section */
	};
	rootObject = 1B3DFDF62A43635B00099CDF /* Project object */;
}
